
Microsoft Visual Studio Solution File, Format Version 12.00
# Visual Studio Version 17
VisualStudioVersion = 17.6.33829.357
MinimumVisualStudioVersion = 10.0.40219.1
Project("{2150E333-8FDC-42A3-9474-1A3956D46DE8}") = "Core", "Core", "{3F17143F-0EFE-4338-AA76-21BBFADBF35C}"
EndProject
Project("{2150E333-8FDC-42A3-9474-1A3956D46DE8}") = "Insfrastuctor", "Insfrastuctor", "{DB9C6D19-71BA-42F9-B571-BC909424E4A9}"
EndProject
Project("{2150E333-8FDC-42A3-9474-1A3956D46DE8}") = "Presentation", "Presentation", "{B0D9573B-F8BC-43EB-9911-A7FD52EF7162}"
EndProject
Project("{FAE04EC0-301F-11D3-BF4B-00C04F79EFBC}") = "Week_7_1.Domain", "Core\Week_7_1.Domain\Week_7_1.Domain.csproj", "{EC5ECD07-A713-4965-9EC4-9B7674D8B123}"
EndProject
Project("{FAE04EC0-301F-11D3-BF4B-00C04F79EFBC}") = "Week_7_1.Persistence", "Persistence\Week_7_1\Week_7_1.Persistence.csproj", "{DA378D88-076E-494B-A54A-D3CF6068DCA9}"
EndProject
Project("{FAE04EC0-301F-11D3-BF4B-00C04F79EFBC}") = "Week_7_1.API", "Presentation\Week_7_1.API\Week_7_1.API.csproj", "{9B47B825-6D29-4167-A106-76EE51519D5B}"
EndProject
Global
	GlobalSection(SolutionConfigurationPlatforms) = preSolution
		Debug|Any CPU = Debug|Any CPU
		Release|Any CPU = Release|Any CPU
	EndGlobalSection
	GlobalSection(ProjectConfigurationPlatforms) = postSolution
		{EC5ECD07-A713-4965-9EC4-9B7674D8B123}.Debug|Any CPU.ActiveCfg = Debug|Any CPU
		{EC5ECD07-A713-4965-9EC4-9B7674D8B123}.Debug|Any CPU.Build.0 = Debug|Any CPU
		{EC5ECD07-A713-4965-9EC4-9B7674D8B123}.Release|Any CPU.ActiveCfg = Release|Any CPU
		{EC5ECD07-A713-4965-9EC4-9B7674D8B123}.Release|Any CPU.Build.0 = Release|Any CPU
		{DA378D88-076E-494B-A54A-D3CF6068DCA9}.Debug|Any CPU.ActiveCfg = Debug|Any CPU
		{DA378D88-076E-494B-A54A-D3CF6068DCA9}.Debug|Any CPU.Build.0 = Debug|Any CPU
		{DA378D88-076E-494B-A54A-D3CF6068DCA9}.Release|Any CPU.ActiveCfg = Release|Any CPU
		{DA378D88-076E-494B-A54A-D3CF6068DCA9}.Release|Any CPU.Build.0 = Release|Any CPU
		{9B47B825-6D29-4167-A106-76EE51519D5B}.Debug|Any CPU.ActiveCfg = Debug|Any CPU
		{9B47B825-6D29-4167-A106-76EE51519D5B}.Debug|Any CPU.Build.0 = Debug|Any CPU
		{9B47B825-6D29-4167-A106-76EE51519D5B}.Release|Any CPU.ActiveCfg = Release|Any CPU
		{9B47B825-6D29-4167-A106-76EE51519D5B}.Release|Any CPU.Build.0 = Release|Any CPU
	EndGlobalSection
	GlobalSection(SolutionProperties) = preSolution
		HideSolutionNode = FALSE
	EndGlobalSection
	GlobalSection(NestedProjects) = preSolution
		{EC5ECD07-A713-4965-9EC4-9B7674D8B123} = {3F17143F-0EFE-4338-AA76-21BBFADBF35C}
		{DA378D88-076E-494B-A54A-D3CF6068DCA9} = {DB9C6D19-71BA-42F9-B571-BC909424E4A9}
		{9B47B825-6D29-4167-A106-76EE51519D5B} = {B0D9573B-F8BC-43EB-9911-A7FD52EF7162}
	EndGlobalSection
	GlobalSection(ExtensibilityGlobals) = postSolution
		SolutionGuid = {E0ED06F3-07B2-440A-A8AF-9E6C71494030}
	EndGlobalSection
EndGlobal
